// !$*UTF8*$!
{
	archiveVersion = 1;
	classes = {
	};
	objectVersion = 50;
	objects = {

/* Begin PBXBuildFile section */
		1F0C4F3226438EA90059265C /* MapView.swift in Sources */ = {isa = PBXBuildFile; fileRef = 1F0C4F3126438EA90059265C /* MapView.swift */; };
		1F4FEA3A267683F50004AD57 /* Colors.xcassets in Resources */ = {isa = PBXBuildFile; fileRef = 4AD2A4312605D70900E5A08E /* Colors.xcassets */; };
		1F6DD01A264A7586004D0BD4 /* ResenasModel.xcdatamodeld in Sources */ = {isa = PBXBuildFile; fileRef = 431B05822648C4E6009AF7D7 /* ResenasModel.xcdatamodeld */; };
		325190A7264B5D1900281B3C /* RestFavView.swift in Sources */ = {isa = PBXBuildFile; fileRef = 325190A6264B5D1900281B3C /* RestFavView.swift */; };
		32678BD0264A1C4D00CD7D5D /* Place.swift in Sources */ = {isa = PBXBuildFile; fileRef = 32678BCF264A1C4D00CD7D5D /* Place.swift */; };
		431B05812648C4C1009AF7D7 /* Persistence.swift in Sources */ = {isa = PBXBuildFile; fileRef = 431B05802648C4C1009AF7D7 /* Persistence.swift */; };
		431B05862648C562009AF7D7 /* AddToResenasView.swift in Sources */ = {isa = PBXBuildFile; fileRef = 431B05852648C562009AF7D7 /* AddToResenasView.swift */; };
		431B05882648C568009AF7D7 /* ResenasCellView.swift in Sources */ = {isa = PBXBuildFile; fileRef = 431B05872648C568009AF7D7 /* ResenasCellView.swift */; };
		432AE785260005B80074511B /* ProyectoLabApp.swift in Sources */ = {isa = PBXBuildFile; fileRef = 432AE784260005B80074511B /* ProyectoLabApp.swift */; };
		432AE789260005BA0074511B /* Assets.xcassets in Resources */ = {isa = PBXBuildFile; fileRef = 432AE788260005BA0074511B /* Assets.xcassets */; };
		432AE78C260005BA0074511B /* Preview Assets.xcassets in Resources */ = {isa = PBXBuildFile; fileRef = 432AE78B260005BA0074511B /* Preview Assets.xcassets */; };
		435738C42600131B00E5DFDF /* RestInfo.swift in Sources */ = {isa = PBXBuildFile; fileRef = 435738C32600131B00E5DFDF /* RestInfo.swift */; };
		435738C72600136400E5DFDF /* RestInfoModel.swift in Sources */ = {isa = PBXBuildFile; fileRef = 435738C62600136400E5DFDF /* RestInfoModel.swift */; };
		435738D02600264700E5DFDF /* defaultInfo.swift in Sources */ = {isa = PBXBuildFile; fileRef = 435738CF2600264600E5DFDF /* defaultInfo.swift */; };
		435738D926002CAB00E5DFDF /* WebView.swift in Sources */ = {isa = PBXBuildFile; fileRef = 435738D826002CAB00E5DFDF /* WebView.swift */; };
		43A23E262601A8A000505C94 /* NavigationBarModifier.swift in Sources */ = {isa = PBXBuildFile; fileRef = 43A23E252601A8A000505C94 /* NavigationBarModifier.swift */; };
		43A23E342601AD8C00505C94 /* CityView.swift in Sources */ = {isa = PBXBuildFile; fileRef = 43A23E332601AD8C00505C94 /* CityView.swift */; };
		43CE4A0B264BAB6D00978DC5 /* ResenasDetailView.swift in Sources */ = {isa = PBXBuildFile; fileRef = 43CE4A0A264BAB6D00978DC5 /* ResenasDetailView.swift */; };
		43DA471626027CE200052230 /* RestView.swift in Sources */ = {isa = PBXBuildFile; fileRef = 43DA471526027CE200052230 /* RestView.swift */; };
		43DA471A26027DA600052230 /* RestCellView.swift in Sources */ = {isa = PBXBuildFile; fileRef = 43DA471926027DA600052230 /* RestCellView.swift */; };
		43DA471D26027E5800052230 /* ScoreView.swift in Sources */ = {isa = PBXBuildFile; fileRef = 43DA471C26027E5800052230 /* ScoreView.swift */; };
		43DA472026027FEF00052230 /* RestDetailView.swift in Sources */ = {isa = PBXBuildFile; fileRef = 43DA471F26027FEF00052230 /* RestDetailView.swift */; };
		43E21FF1267592AB00072CCD /* WidgetKit.framework in Frameworks */ = {isa = PBXBuildFile; fileRef = 43E21FF0267592AB00072CCD /* WidgetKit.framework */; };
		43E21FF3267592AB00072CCD /* SwiftUI.framework in Frameworks */ = {isa = PBXBuildFile; fileRef = 43E21FF2267592AB00072CCD /* SwiftUI.framework */; };
		43E21FF6267592AB00072CCD /* RestWidget.swift in Sources */ = {isa = PBXBuildFile; fileRef = 43E21FF5267592AB00072CCD /* RestWidget.swift */; };
		43E21FF8267592AC00072CCD /* Assets.xcassets in Resources */ = {isa = PBXBuildFile; fileRef = 43E21FF7267592AC00072CCD /* Assets.xcassets */; };
		43E21FFC267592AC00072CCD /* RestWidgetExtension.appex in Embed App Extensions */ = {isa = PBXBuildFile; fileRef = 43E21FEE267592AB00072CCD /* RestWidgetExtension.appex */; settings = {ATTRIBUTES = (RemoveHeadersOnCopy, ); }; };
		43E22002267592F200072CCD /* RestWidgetView.swift in Sources */ = {isa = PBXBuildFile; fileRef = 43E22001267592F200072CCD /* RestWidgetView.swift */; };
		43E220032675930500072CCD /* NavigationBarModifier.swift in Sources */ = {isa = PBXBuildFile; fileRef = 43A23E252601A8A000505C94 /* NavigationBarModifier.swift */; };
		43E220042675930700072CCD /* ScoreView.swift in Sources */ = {isa = PBXBuildFile; fileRef = 43DA471C26027E5800052230 /* ScoreView.swift */; };
		43E220052675930A00072CCD /* defaultInfo.swift in Sources */ = {isa = PBXBuildFile; fileRef = 435738CF2600264600E5DFDF /* defaultInfo.swift */; };
		43E220062675930C00072CCD /* RestInfoModel.swift in Sources */ = {isa = PBXBuildFile; fileRef = 435738C62600136400E5DFDF /* RestInfoModel.swift */; };
		43E220072675930E00072CCD /* RestInfo.swift in Sources */ = {isa = PBXBuildFile; fileRef = 435738C32600131B00E5DFDF /* RestInfo.swift */; };
		43E220082675931100072CCD /* WebView.swift in Sources */ = {isa = PBXBuildFile; fileRef = 435738D826002CAB00E5DFDF /* WebView.swift */; };
		43E220092675931300072CCD /* Place.swift in Sources */ = {isa = PBXBuildFile; fileRef = 32678BCF264A1C4D00CD7D5D /* Place.swift */; };
		43E2200A2675931600072CCD /* MapView.swift in Sources */ = {isa = PBXBuildFile; fileRef = 1F0C4F3126438EA90059265C /* MapView.swift */; };
		43E2200B2675931900072CCD /* ResenasCellView.swift in Sources */ = {isa = PBXBuildFile; fileRef = 431B05872648C568009AF7D7 /* ResenasCellView.swift */; };
		43E2200C2675931B00072CCD /* AddToResenasView.swift in Sources */ = {isa = PBXBuildFile; fileRef = 431B05852648C562009AF7D7 /* AddToResenasView.swift */; };
		43E2200D2675931E00072CCD /* ResenasView.swift in Sources */ = {isa = PBXBuildFile; fileRef = 4A4D7A892648732800FF4F4F /* ResenasView.swift */; };
		43E2200E2675932000072CCD /* ResenasDetailView.swift in Sources */ = {isa = PBXBuildFile; fileRef = 43CE4A0A264BAB6D00978DC5 /* ResenasDetailView.swift */; };
		43E2200F2675932300072CCD /* RestCellView.swift in Sources */ = {isa = PBXBuildFile; fileRef = 43DA471926027DA600052230 /* RestCellView.swift */; };
		43E220102675932500072CCD /* Persistence.swift in Sources */ = {isa = PBXBuildFile; fileRef = 431B05802648C4C1009AF7D7 /* Persistence.swift */; };
		43E220112675932800072CCD /* Resenas+CoreDataProperties.swift in Sources */ = {isa = PBXBuildFile; fileRef = 4A4D7A9526487B1000FF4F4F /* Resenas+CoreDataProperties.swift */; };
		43E220122675932A00072CCD /* Resenas+CoreDataClass.swift in Sources */ = {isa = PBXBuildFile; fileRef = 4A4D7A9426487B1000FF4F4F /* Resenas+CoreDataClass.swift */; };
		43E220132675932D00072CCD /* RestDetailView.swift in Sources */ = {isa = PBXBuildFile; fileRef = 43DA471F26027FEF00052230 /* RestDetailView.swift */; };
		43E220142675933000072CCD /* RestFavView.swift in Sources */ = {isa = PBXBuildFile; fileRef = 325190A6264B5D1900281B3C /* RestFavView.swift */; };
		43E220152675933400072CCD /* RestView.swift in Sources */ = {isa = PBXBuildFile; fileRef = 43DA471526027CE200052230 /* RestView.swift */; };
		43E220162675943E00072CCD /* Fonts.swift in Sources */ = {isa = PBXBuildFile; fileRef = 4AD2A4232605CF2900E5A08E /* Fonts.swift */; };
		43E220182675A56100072CCD /* Assets.xcassets in Resources */ = {isa = PBXBuildFile; fileRef = 432AE788260005BA0074511B /* Assets.xcassets */; };
		43E220192675A56400072CCD /* Colors.xcassets in Resources */ = {isa = PBXBuildFile; fileRef = 4AD2A4312605D70900E5A08E /* Colors.xcassets */; };
		4A4D7A8A2648732800FF4F4F /* ResenasView.swift in Sources */ = {isa = PBXBuildFile; fileRef = 4A4D7A892648732800FF4F4F /* ResenasView.swift */; };
		4A4D7A9626487B1000FF4F4F /* Resenas+CoreDataClass.swift in Sources */ = {isa = PBXBuildFile; fileRef = 4A4D7A9426487B1000FF4F4F /* Resenas+CoreDataClass.swift */; };
		4A4D7A9726487B1000FF4F4F /* Resenas+CoreDataProperties.swift in Sources */ = {isa = PBXBuildFile; fileRef = 4A4D7A9526487B1000FF4F4F /* Resenas+CoreDataProperties.swift */; };
		4AD2A4152605CEFD00E5A08E /* NotoSans-Regular.ttf in Resources */ = {isa = PBXBuildFile; fileRef = 4AD2A4142605CEFD00E5A08E /* NotoSans-Regular.ttf */; };
		4AD2A4182605CF0200E5A08E /* Raleway-Medium.ttf in Resources */ = {isa = PBXBuildFile; fileRef = 4AD2A4172605CF0200E5A08E /* Raleway-Medium.ttf */; };
		4AD2A41B2605CF0900E5A08E /* Raleway-SemiBold.ttf in Resources */ = {isa = PBXBuildFile; fileRef = 4AD2A41A2605CF0900E5A08E /* Raleway-SemiBold.ttf */; };
		4AD2A41E2605CF0E00E5A08E /* Tinos-Bold.ttf in Resources */ = {isa = PBXBuildFile; fileRef = 4AD2A41D2605CF0E00E5A08E /* Tinos-Bold.ttf */; };
		4AD2A4212605CF1300E5A08E /* Tinos-Regular.ttf in Resources */ = {isa = PBXBuildFile; fileRef = 4AD2A4202605CF1300E5A08E /* Tinos-Regular.ttf */; };
		4AD2A4242605CF2900E5A08E /* Fonts.swift in Sources */ = {isa = PBXBuildFile; fileRef = 4AD2A4232605CF2900E5A08E /* Fonts.swift */; };
		4AD2A4322605D70900E5A08E /* Colors.xcassets in Resources */ = {isa = PBXBuildFile; fileRef = 4AD2A4312605D70900E5A08E /* Colors.xcassets */; };
/* End PBXBuildFile section */

/* Begin PBXContainerItemProxy section */
		43E21FFA267592AC00072CCD /* PBXContainerItemProxy */ = {
			isa = PBXContainerItemProxy;
			containerPortal = 432AE779260005B80074511B /* Project object */;
			proxyType = 1;
			remoteGlobalIDString = 43E21FED267592AB00072CCD;
			remoteInfo = RestWidgetExtension;
		};
/* End PBXContainerItemProxy section */

/* Begin PBXCopyFilesBuildPhase section */
		43E21FFD267592AC00072CCD /* Embed App Extensions */ = {
			isa = PBXCopyFilesBuildPhase;
			buildActionMask = 2147483647;
			dstPath = "";
			dstSubfolderSpec = 13;
			files = (
				43E21FFC267592AC00072CCD /* RestWidgetExtension.appex in Embed App Extensions */,
			);
			name = "Embed App Extensions";
			runOnlyForDeploymentPostprocessing = 0;
		};
/* End PBXCopyFilesBuildPhase section */

/* Begin PBXFileReference section */
		1F0C4F3126438EA90059265C /* MapView.swift */ = {isa = PBXFileReference; lastKnownFileType = sourcecode.swift; path = MapView.swift; sourceTree = "<group>"; };
		325190A6264B5D1900281B3C /* RestFavView.swift */ = {isa = PBXFileReference; lastKnownFileType = sourcecode.swift; path = RestFavView.swift; sourceTree = "<group>"; };
		32678BCF264A1C4D00CD7D5D /* Place.swift */ = {isa = PBXFileReference; lastKnownFileType = sourcecode.swift; path = Place.swift; sourceTree = "<group>"; };
		431B05802648C4C1009AF7D7 /* Persistence.swift */ = {isa = PBXFileReference; lastKnownFileType = sourcecode.swift; path = Persistence.swift; sourceTree = "<group>"; };
		431B05832648C4E6009AF7D7 /* ResenasModel.xcdatamodel */ = {isa = PBXFileReference; lastKnownFileType = wrapper.xcdatamodel; path = ResenasModel.xcdatamodel; sourceTree = "<group>"; };
		431B05852648C562009AF7D7 /* AddToResenasView.swift */ = {isa = PBXFileReference; lastKnownFileType = sourcecode.swift; path = AddToResenasView.swift; sourceTree = "<group>"; };
		431B05872648C568009AF7D7 /* ResenasCellView.swift */ = {isa = PBXFileReference; lastKnownFileType = sourcecode.swift; path = ResenasCellView.swift; sourceTree = "<group>"; };
		432AE781260005B80074511B /* ProyectoLab.app */ = {isa = PBXFileReference; explicitFileType = wrapper.application; includeInIndex = 0; path = ProyectoLab.app; sourceTree = BUILT_PRODUCTS_DIR; };
		432AE784260005B80074511B /* ProyectoLabApp.swift */ = {isa = PBXFileReference; lastKnownFileType = sourcecode.swift; path = ProyectoLabApp.swift; sourceTree = "<group>"; };
		432AE788260005BA0074511B /* Assets.xcassets */ = {isa = PBXFileReference; lastKnownFileType = folder.assetcatalog; path = Assets.xcassets; sourceTree = "<group>"; };
		432AE78B260005BA0074511B /* Preview Assets.xcassets */ = {isa = PBXFileReference; lastKnownFileType = folder.assetcatalog; path = "Preview Assets.xcassets"; sourceTree = "<group>"; };
		432AE78D260005BA0074511B /* Info.plist */ = {isa = PBXFileReference; lastKnownFileType = text.plist.xml; path = Info.plist; sourceTree = "<group>"; };
		435738C32600131B00E5DFDF /* RestInfo.swift */ = {isa = PBXFileReference; lastKnownFileType = sourcecode.swift; path = RestInfo.swift; sourceTree = "<group>"; };
		435738C62600136400E5DFDF /* RestInfoModel.swift */ = {isa = PBXFileReference; lastKnownFileType = sourcecode.swift; path = RestInfoModel.swift; sourceTree = "<group>"; };
		435738CF2600264600E5DFDF /* defaultInfo.swift */ = {isa = PBXFileReference; lastKnownFileType = sourcecode.swift; path = defaultInfo.swift; sourceTree = "<group>"; };
		435738D826002CAB00E5DFDF /* WebView.swift */ = {isa = PBXFileReference; lastKnownFileType = sourcecode.swift; path = WebView.swift; sourceTree = "<group>"; };
		43A23E252601A8A000505C94 /* NavigationBarModifier.swift */ = {isa = PBXFileReference; lastKnownFileType = sourcecode.swift; path = NavigationBarModifier.swift; sourceTree = "<group>"; };
		43A23E332601AD8C00505C94 /* CityView.swift */ = {isa = PBXFileReference; lastKnownFileType = sourcecode.swift; path = CityView.swift; sourceTree = "<group>"; };
		43CE4A0A264BAB6D00978DC5 /* ResenasDetailView.swift */ = {isa = PBXFileReference; fileEncoding = 4; lastKnownFileType = sourcecode.swift; path = ResenasDetailView.swift; sourceTree = "<group>"; };
		43DA471526027CE200052230 /* RestView.swift */ = {isa = PBXFileReference; lastKnownFileType = sourcecode.swift; path = RestView.swift; sourceTree = "<group>"; };
		43DA471926027DA600052230 /* RestCellView.swift */ = {isa = PBXFileReference; lastKnownFileType = sourcecode.swift; path = RestCellView.swift; sourceTree = "<group>"; };
		43DA471C26027E5800052230 /* ScoreView.swift */ = {isa = PBXFileReference; lastKnownFileType = sourcecode.swift; path = ScoreView.swift; sourceTree = "<group>"; };
		43DA471F26027FEF00052230 /* RestDetailView.swift */ = {isa = PBXFileReference; lastKnownFileType = sourcecode.swift; path = RestDetailView.swift; sourceTree = "<group>"; };
		43E21FEE267592AB00072CCD /* RestWidgetExtension.appex */ = {isa = PBXFileReference; explicitFileType = "wrapper.app-extension"; includeInIndex = 0; path = RestWidgetExtension.appex; sourceTree = BUILT_PRODUCTS_DIR; };
		43E21FF0267592AB00072CCD /* WidgetKit.framework */ = {isa = PBXFileReference; lastKnownFileType = wrapper.framework; name = WidgetKit.framework; path = System/Library/Frameworks/WidgetKit.framework; sourceTree = SDKROOT; };
		43E21FF2267592AB00072CCD /* SwiftUI.framework */ = {isa = PBXFileReference; lastKnownFileType = wrapper.framework; name = SwiftUI.framework; path = System/Library/Frameworks/SwiftUI.framework; sourceTree = SDKROOT; };
		43E21FF5267592AB00072CCD /* RestWidget.swift */ = {isa = PBXFileReference; lastKnownFileType = sourcecode.swift; path = RestWidget.swift; sourceTree = "<group>"; };
		43E21FF7267592AC00072CCD /* Assets.xcassets */ = {isa = PBXFileReference; lastKnownFileType = folder.assetcatalog; path = Assets.xcassets; sourceTree = "<group>"; };
		43E21FF9267592AC00072CCD /* Info.plist */ = {isa = PBXFileReference; lastKnownFileType = text.plist.xml; path = Info.plist; sourceTree = "<group>"; };
		43E22001267592F200072CCD /* RestWidgetView.swift */ = {isa = PBXFileReference; lastKnownFileType = sourcecode.swift; path = RestWidgetView.swift; sourceTree = "<group>"; };
		4A4D7A892648732800FF4F4F /* ResenasView.swift */ = {isa = PBXFileReference; lastKnownFileType = sourcecode.swift; path = ResenasView.swift; sourceTree = "<group>"; };
		4A4D7A9426487B1000FF4F4F /* Resenas+CoreDataClass.swift */ = {isa = PBXFileReference; lastKnownFileType = sourcecode.swift; path = "Resenas+CoreDataClass.swift"; sourceTree = "<group>"; };
		4A4D7A9526487B1000FF4F4F /* Resenas+CoreDataProperties.swift */ = {isa = PBXFileReference; lastKnownFileType = sourcecode.swift; path = "Resenas+CoreDataProperties.swift"; sourceTree = "<group>"; };
		4AD2A4142605CEFD00E5A08E /* NotoSans-Regular.ttf */ = {isa = PBXFileReference; lastKnownFileType = file; path = "NotoSans-Regular.ttf"; sourceTree = "<group>"; };
		4AD2A4172605CF0200E5A08E /* Raleway-Medium.ttf */ = {isa = PBXFileReference; lastKnownFileType = file; path = "Raleway-Medium.ttf"; sourceTree = "<group>"; };
		4AD2A41A2605CF0900E5A08E /* Raleway-SemiBold.ttf */ = {isa = PBXFileReference; lastKnownFileType = file; path = "Raleway-SemiBold.ttf"; sourceTree = "<group>"; };
		4AD2A41D2605CF0E00E5A08E /* Tinos-Bold.ttf */ = {isa = PBXFileReference; lastKnownFileType = file; path = "Tinos-Bold.ttf"; sourceTree = "<group>"; };
		4AD2A4202605CF1300E5A08E /* Tinos-Regular.ttf */ = {isa = PBXFileReference; lastKnownFileType = file; path = "Tinos-Regular.ttf"; sourceTree = "<group>"; };
		4AD2A4232605CF2900E5A08E /* Fonts.swift */ = {isa = PBXFileReference; fileEncoding = 4; lastKnownFileType = sourcecode.swift; path = Fonts.swift; sourceTree = "<group>"; };
		4AD2A4312605D70900E5A08E /* Colors.xcassets */ = {isa = PBXFileReference; lastKnownFileType = folder.assetcatalog; path = Colors.xcassets; sourceTree = "<group>"; };
/* End PBXFileReference section */

/* Begin PBXFrameworksBuildPhase section */
		432AE77E260005B80074511B /* Frameworks */ = {
			isa = PBXFrameworksBuildPhase;
			buildActionMask = 2147483647;
			files = (
			);
			runOnlyForDeploymentPostprocessing = 0;
		};
		43E21FEB267592AB00072CCD /* Frameworks */ = {
			isa = PBXFrameworksBuildPhase;
			buildActionMask = 2147483647;
			files = (
				43E21FF3267592AB00072CCD /* SwiftUI.framework in Frameworks */,
				43E21FF1267592AB00072CCD /* WidgetKit.framework in Frameworks */,
			);
			runOnlyForDeploymentPostprocessing = 0;
		};
/* End PBXFrameworksBuildPhase section */

/* Begin PBXGroup section */
		432AE778260005B80074511B = {
			isa = PBXGroup;
			children = (
				432AE783260005B80074511B /* ProyectoLab */,
				43E21FF4267592AB00072CCD /* RestWidget */,
				43E21FEF267592AB00072CCD /* Frameworks */,
				432AE782260005B80074511B /* Products */,
			);
			sourceTree = "<group>";
		};
		432AE782260005B80074511B /* Products */ = {
			isa = PBXGroup;
			children = (
				432AE781260005B80074511B /* ProyectoLab.app */,
				43E21FEE267592AB00072CCD /* RestWidgetExtension.appex */,
			);
			name = Products;
			sourceTree = "<group>";
		};
		432AE783260005B80074511B /* ProyectoLab */ = {
			isa = PBXGroup;
			children = (
				4AD2A4132605CEC900E5A08E /* Fonts1 */,
				432AE784260005B80074511B /* ProyectoLabApp.swift */,
				43A23E332601AD8C00505C94 /* CityView.swift */,
				43DA471526027CE200052230 /* RestView.swift */,
				325190A6264B5D1900281B3C /* RestFavView.swift */,
				43DA471F26027FEF00052230 /* RestDetailView.swift */,
				4A4D7A90264877D600FF4F4F /* Core Data */,
				43DA471926027DA600052230 /* RestCellView.swift */,
				43CE4A0A264BAB6D00978DC5 /* ResenasDetailView.swift */,
				4A4D7A892648732800FF4F4F /* ResenasView.swift */,
				431B05852648C562009AF7D7 /* AddToResenasView.swift */,
				431B05872648C568009AF7D7 /* ResenasCellView.swift */,
				1F0C4F3126438EA90059265C /* MapView.swift */,
				32678BCF264A1C4D00CD7D5D /* Place.swift */,
				435738D826002CAB00E5DFDF /* WebView.swift */,
				435738C32600131B00E5DFDF /* RestInfo.swift */,
				435738C62600136400E5DFDF /* RestInfoModel.swift */,
				435738CF2600264600E5DFDF /* defaultInfo.swift */,
				43DA471C26027E5800052230 /* ScoreView.swift */,
				43A23E252601A8A000505C94 /* NavigationBarModifier.swift */,
				432AE788260005BA0074511B /* Assets.xcassets */,
				432AE78D260005BA0074511B /* Info.plist */,
				432AE78A260005BA0074511B /* Preview Content */,
				4AD2A4312605D70900E5A08E /* Colors.xcassets */,
			);
			path = ProyectoLab;
			sourceTree = "<group>";
		};
		432AE78A260005BA0074511B /* Preview Content */ = {
			isa = PBXGroup;
			children = (
				432AE78B260005BA0074511B /* Preview Assets.xcassets */,
			);
			path = "Preview Content";
			sourceTree = "<group>";
		};
		43E21FEF267592AB00072CCD /* Frameworks */ = {
			isa = PBXGroup;
			children = (
				43E21FF0267592AB00072CCD /* WidgetKit.framework */,
				43E21FF2267592AB00072CCD /* SwiftUI.framework */,
			);
			name = Frameworks;
			sourceTree = "<group>";
		};
		43E21FF4267592AB00072CCD /* RestWidget */ = {
			isa = PBXGroup;
			children = (
				43E21FF5267592AB00072CCD /* RestWidget.swift */,
				43E22001267592F200072CCD /* RestWidgetView.swift */,
				43E21FF7267592AC00072CCD /* Assets.xcassets */,
				43E21FF9267592AC00072CCD /* Info.plist */,
			);
			path = RestWidget;
			sourceTree = "<group>";
		};
		4A4D7A90264877D600FF4F4F /* Core Data */ = {
			isa = PBXGroup;
			children = (
				4A4D7A9426487B1000FF4F4F /* Resenas+CoreDataClass.swift */,
				4A4D7A9526487B1000FF4F4F /* Resenas+CoreDataProperties.swift */,
				431B05802648C4C1009AF7D7 /* Persistence.swift */,
				431B05822648C4E6009AF7D7 /* ResenasModel.xcdatamodeld */,
			);
			path = "Core Data";
			sourceTree = "<group>";
		};
		4AD2A4132605CEC900E5A08E /* Fonts1 */ = {
			isa = PBXGroup;
			children = (
				4AD2A4232605CF2900E5A08E /* Fonts.swift */,
				4AD2A4172605CF0200E5A08E /* Raleway-Medium.ttf */,
				4AD2A41A2605CF0900E5A08E /* Raleway-SemiBold.ttf */,
				4AD2A4202605CF1300E5A08E /* Tinos-Regular.ttf */,
				4AD2A41D2605CF0E00E5A08E /* Tinos-Bold.ttf */,
				4AD2A4142605CEFD00E5A08E /* NotoSans-Regular.ttf */,
			);
			path = Fonts1;
			sourceTree = "<group>";
		};
/* End PBXGroup section */

/* Begin PBXNativeTarget section */
		432AE780260005B80074511B /* ProyectoLab */ = {
			isa = PBXNativeTarget;
			buildConfigurationList = 432AE790260005BA0074511B /* Build configuration list for PBXNativeTarget "ProyectoLab" */;
			buildPhases = (
				432AE77D260005B80074511B /* Sources */,
				432AE77E260005B80074511B /* Frameworks */,
				432AE77F260005B80074511B /* Resources */,
				43E21FFD267592AC00072CCD /* Embed App Extensions */,
			);
			buildRules = (
			);
			dependencies = (
				43E21FFB267592AC00072CCD /* PBXTargetDependency */,
			);
			name = ProyectoLab;
			productName = ProyectoLab;
			productReference = 432AE781260005B80074511B /* ProyectoLab.app */;
			productType = "com.apple.product-type.application";
		};
		43E21FED267592AB00072CCD /* RestWidgetExtension */ = {
			isa = PBXNativeTarget;
			buildConfigurationList = 43E22000267592AC00072CCD /* Build configuration list for PBXNativeTarget "RestWidgetExtension" */;
			buildPhases = (
				43E21FEA267592AB00072CCD /* Sources */,
				43E21FEB267592AB00072CCD /* Frameworks */,
				43E21FEC267592AB00072CCD /* Resources */,
			);
			buildRules = (
			);
			dependencies = (
			);
			name = RestWidgetExtension;
			productName = RestWidgetExtension;
			productReference = 43E21FEE267592AB00072CCD /* RestWidgetExtension.appex */;
			productType = "com.apple.product-type.app-extension";
		};
/* End PBXNativeTarget section */

/* Begin PBXProject section */
		432AE779260005B80074511B /* Project object */ = {
			isa = PBXProject;
			attributes = {
				LastSwiftUpdateCheck = 1250;
				LastUpgradeCheck = 1240;
				TargetAttributes = {
					432AE780260005B80074511B = {
						CreatedOnToolsVersion = 12.4;
					};
					43E21FED267592AB00072CCD = {
						CreatedOnToolsVersion = 12.5;
					};
				};
			};
			buildConfigurationList = 432AE77C260005B80074511B /* Build configuration list for PBXProject "ProyectoLab" */;
			compatibilityVersion = "Xcode 9.3";
			developmentRegion = en;
			hasScannedForEncodings = 0;
			knownRegions = (
				en,
				Base,
			);
			mainGroup = 432AE778260005B80074511B;
			productRefGroup = 432AE782260005B80074511B /* Products */;
			projectDirPath = "";
			projectRoot = "";
			targets = (
				432AE780260005B80074511B /* ProyectoLab */,
				43E21FED267592AB00072CCD /* RestWidgetExtension */,
			);
		};
/* End PBXProject section */

/* Begin PBXResourcesBuildPhase section */
		432AE77F260005B80074511B /* Resources */ = {
			isa = PBXResourcesBuildPhase;
			buildActionMask = 2147483647;
			files = (
				4AD2A4152605CEFD00E5A08E /* NotoSans-Regular.ttf in Resources */,
				4AD2A4212605CF1300E5A08E /* Tinos-Regular.ttf in Resources */,
				4AD2A4182605CF0200E5A08E /* Raleway-Medium.ttf in Resources */,
				4AD2A41B2605CF0900E5A08E /* Raleway-SemiBold.ttf in Resources */,
				4AD2A41E2605CF0E00E5A08E /* Tinos-Bold.ttf in Resources */,
				4AD2A4322605D70900E5A08E /* Colors.xcassets in Resources */,
				432AE78C260005BA0074511B /* Preview Assets.xcassets in Resources */,
				432AE789260005BA0074511B /* Assets.xcassets in Resources */,
			);
			runOnlyForDeploymentPostprocessing = 0;
		};
		43E21FEC267592AB00072CCD /* Resources */ = {
			isa = PBXResourcesBuildPhase;
			buildActionMask = 2147483647;
			files = (
				43E220192675A56400072CCD /* Colors.xcassets in Resources */,
				43E220182675A56100072CCD /* Assets.xcassets in Resources */,
				43E21FF8267592AC00072CCD /* Assets.xcassets in Resources */,
				1F4FEA3A267683F50004AD57 /* Colors.xcassets in Resources */,
			);
			runOnlyForDeploymentPostprocessing = 0;
		};
/* End PBXResourcesBuildPhase section */

/* Begin PBXSourcesBuildPhase section */
		432AE77D260005B80074511B /* Sources */ = {
			isa = PBXSourcesBuildPhase;
			buildActionMask = 2147483647;
			files = (
				435738C42600131B00E5DFDF /* RestInfo.swift in Sources */,
				43A23E342601AD8C00505C94 /* CityView.swift in Sources */,
				431B05812648C4C1009AF7D7 /* Persistence.swift in Sources */,
				43DA471626027CE200052230 /* RestView.swift in Sources */,
				435738D926002CAB00E5DFDF /* WebView.swift in Sources */,
				1F0C4F3226438EA90059265C /* MapView.swift in Sources */,
				4AD2A4242605CF2900E5A08E /* Fonts.swift in Sources */,
				32678BD0264A1C4D00CD7D5D /* Place.swift in Sources */,
				43A23E262601A8A000505C94 /* NavigationBarModifier.swift in Sources */,
				431B05862648C562009AF7D7 /* AddToResenasView.swift in Sources */,
				435738D02600264700E5DFDF /* defaultInfo.swift in Sources */,
				4A4D7A8A2648732800FF4F4F /* ResenasView.swift in Sources */,
				431B05882648C568009AF7D7 /* ResenasCellView.swift in Sources */,
				432AE785260005B80074511B /* ProyectoLabApp.swift in Sources */,
				43DA472026027FEF00052230 /* RestDetailView.swift in Sources */,
				4A4D7A9626487B1000FF4F4F /* Resenas+CoreDataClass.swift in Sources */,
				1F6DD01A264A7586004D0BD4 /* ResenasModel.xcdatamodeld in Sources */,
				4A4D7A9726487B1000FF4F4F /* Resenas+CoreDataProperties.swift in Sources */,
				325190A7264B5D1900281B3C /* RestFavView.swift in Sources */,
				43DA471A26027DA600052230 /* RestCellView.swift in Sources */,
				435738C72600136400E5DFDF /* RestInfoModel.swift in Sources */,
				43DA471D26027E5800052230 /* ScoreView.swift in Sources */,
				43CE4A0B264BAB6D00978DC5 /* ResenasDetailView.swift in Sources */,
			);
			runOnlyForDeploymentPostprocessing = 0;
		};
		43E21FEA267592AB00072CCD /* Sources */ = {
			isa = PBXSourcesBuildPhase;
			buildActionMask = 2147483647;
			files = (
				43E21FF6267592AB00072CCD /* RestWidget.swift in Sources */,
				43E220102675932500072CCD /* Persistence.swift in Sources */,
				43E220142675933000072CCD /* RestFavView.swift in Sources */,
				43E2200F2675932300072CCD /* RestCellView.swift in Sources */,
				43E220132675932D00072CCD /* RestDetailView.swift in Sources */,
				43E220112675932800072CCD /* Resenas+CoreDataProperties.swift in Sources */,
				43E220082675931100072CCD /* WebView.swift in Sources */,
				43E220042675930700072CCD /* ScoreView.swift in Sources */,
				43E220162675943E00072CCD /* Fonts.swift in Sources */,
				43E2200E2675932000072CCD /* ResenasDetailView.swift in Sources */,
				43E2200D2675931E00072CCD /* ResenasView.swift in Sources */,
				43E220052675930A00072CCD /* defaultInfo.swift in Sources */,
				43E220072675930E00072CCD /* RestInfo.swift in Sources */,
				43E22002267592F200072CCD /* RestWidgetView.swift in Sources */,
				43E220092675931300072CCD /* Place.swift in Sources */,
				43E2200A2675931600072CCD /* MapView.swift in Sources */,
				43E220032675930500072CCD /* NavigationBarModifier.swift in Sources */,
				43E220152675933400072CCD /* RestView.swift in Sources */,
				43E2200C2675931B00072CCD /* AddToResenasView.swift in Sources */,
				43E2200B2675931900072CCD /* ResenasCellView.swift in Sources */,
				43E220062675930C00072CCD /* RestInfoModel.swift in Sources */,
				43E220122675932A00072CCD /* Resenas+CoreDataClass.swift in Sources */,
			);
			runOnlyForDeploymentPostprocessing = 0;
		};
/* End PBXSourcesBuildPhase section */

/* Begin PBXTargetDependency section */
		43E21FFB267592AC00072CCD /* PBXTargetDependency */ = {
			isa = PBXTargetDependency;
			target = 43E21FED267592AB00072CCD /* RestWidgetExtension */;
			targetProxy = 43E21FFA267592AC00072CCD /* PBXContainerItemProxy */;
		};
/* End PBXTargetDependency section */

/* Begin XCBuildConfiguration section */
		432AE78E260005BA0074511B /* Debug */ = {
			isa = XCBuildConfiguration;
			buildSettings = {
				ALWAYS_SEARCH_USER_PATHS = NO;
				CLANG_ANALYZER_NONNULL = YES;
				CLANG_ANALYZER_NUMBER_OBJECT_CONVERSION = YES_AGGRESSIVE;
				CLANG_CXX_LANGUAGE_STANDARD = "gnu++14";
				CLANG_CXX_LIBRARY = "libc++";
				CLANG_ENABLE_MODULES = YES;
				CLANG_ENABLE_OBJC_ARC = YES;
				CLANG_ENABLE_OBJC_WEAK = YES;
				CLANG_WARN_BLOCK_CAPTURE_AUTORELEASING = YES;
				CLANG_WARN_BOOL_CONVERSION = YES;
				CLANG_WARN_COMMA = YES;
				CLANG_WARN_CONSTANT_CONVERSION = YES;
				CLANG_WARN_DEPRECATED_OBJC_IMPLEMENTATIONS = YES;
				CLANG_WARN_DIRECT_OBJC_ISA_USAGE = YES_ERROR;
				CLANG_WARN_DOCUMENTATION_COMMENTS = YES;
				CLANG_WARN_EMPTY_BODY = YES;
				CLANG_WARN_ENUM_CONVERSION = YES;
				CLANG_WARN_INFINITE_RECURSION = YES;
				CLANG_WARN_INT_CONVERSION = YES;
				CLANG_WARN_NON_LITERAL_NULL_CONVERSION = YES;
				CLANG_WARN_OBJC_IMPLICIT_RETAIN_SELF = YES;
				CLANG_WARN_OBJC_LITERAL_CONVERSION = YES;
				CLANG_WARN_OBJC_ROOT_CLASS = YES_ERROR;
				CLANG_WARN_QUOTED_INCLUDE_IN_FRAMEWORK_HEADER = YES;
				CLANG_WARN_RANGE_LOOP_ANALYSIS = YES;
				CLANG_WARN_STRICT_PROTOTYPES = YES;
				CLANG_WARN_SUSPICIOUS_MOVE = YES;
				CLANG_WARN_UNGUARDED_AVAILABILITY = YES_AGGRESSIVE;
				CLANG_WARN_UNREACHABLE_CODE = YES;
				CLANG_WARN__DUPLICATE_METHOD_MATCH = YES;
				COPY_PHASE_STRIP = NO;
				DEBUG_INFORMATION_FORMAT = dwarf;
				ENABLE_STRICT_OBJC_MSGSEND = YES;
				ENABLE_TESTABILITY = YES;
				GCC_C_LANGUAGE_STANDARD = gnu11;
				GCC_DYNAMIC_NO_PIC = NO;
				GCC_NO_COMMON_BLOCKS = YES;
				GCC_OPTIMIZATION_LEVEL = 0;
				GCC_PREPROCESSOR_DEFINITIONS = (
					"DEBUG=1",
					"$(inherited)",
				);
				GCC_WARN_64_TO_32_BIT_CONVERSION = YES;
				GCC_WARN_ABOUT_RETURN_TYPE = YES_ERROR;
				GCC_WARN_UNDECLARED_SELECTOR = YES;
				GCC_WARN_UNINITIALIZED_AUTOS = YES_AGGRESSIVE;
				GCC_WARN_UNUSED_FUNCTION = YES;
				GCC_WARN_UNUSED_VARIABLE = YES;
				IPHONEOS_DEPLOYMENT_TARGET = 14.4;
				MTL_ENABLE_DEBUG_INFO = INCLUDE_SOURCE;
				MTL_FAST_MATH = YES;
				ONLY_ACTIVE_ARCH = YES;
				SDKROOT = iphoneos;
				SWIFT_ACTIVE_COMPILATION_CONDITIONS = DEBUG;
				SWIFT_OPTIMIZATION_LEVEL = "-Onone";
			};
			name = Debug;
		};
		432AE78F260005BA0074511B /* Release */ = {
			isa = XCBuildConfiguration;
			buildSettings = {
				ALWAYS_SEARCH_USER_PATHS = NO;
				CLANG_ANALYZER_NONNULL = YES;
				CLANG_ANALYZER_NUMBER_OBJECT_CONVERSION = YES_AGGRESSIVE;
				CLANG_CXX_LANGUAGE_STANDARD = "gnu++14";
				CLANG_CXX_LIBRARY = "libc++";
				CLANG_ENABLE_MODULES = YES;
				CLANG_ENABLE_OBJC_ARC = YES;
				CLANG_ENABLE_OBJC_WEAK = YES;
				CLANG_WARN_BLOCK_CAPTURE_AUTORELEASING = YES;
				CLANG_WARN_BOOL_CONVERSION = YES;
				CLANG_WARN_COMMA = YES;
				CLANG_WARN_CONSTANT_CONVERSION = YES;
				CLANG_WARN_DEPRECATED_OBJC_IMPLEMENTATIONS = YES;
				CLANG_WARN_DIRECT_OBJC_ISA_USAGE = YES_ERROR;
				CLANG_WARN_DOCUMENTATION_COMMENTS = YES;
				CLANG_WARN_EMPTY_BODY = YES;
				CLANG_WARN_ENUM_CONVERSION = YES;
				CLANG_WARN_INFINITE_RECURSION = YES;
				CLANG_WARN_INT_CONVERSION = YES;
				CLANG_WARN_NON_LITERAL_NULL_CONVERSION = YES;
				CLANG_WARN_OBJC_IMPLICIT_RETAIN_SELF = YES;
				CLANG_WARN_OBJC_LITERAL_CONVERSION = YES;
				CLANG_WARN_OBJC_ROOT_CLASS = YES_ERROR;
				CLANG_WARN_QUOTED_INCLUDE_IN_FRAMEWORK_HEADER = YES;
				CLANG_WARN_RANGE_LOOP_ANALYSIS = YES;
				CLANG_WARN_STRICT_PROTOTYPES = YES;
				CLANG_WARN_SUSPICIOUS_MOVE = YES;
				CLANG_WARN_UNGUARDED_AVAILABILITY = YES_AGGRESSIVE;
				CLANG_WARN_UNREACHABLE_CODE = YES;
				CLANG_WARN__DUPLICATE_METHOD_MATCH = YES;
				COPY_PHASE_STRIP = NO;
				DEBUG_INFORMATION_FORMAT = "dwarf-with-dsym";
				ENABLE_NS_ASSERTIONS = NO;
				ENABLE_STRICT_OBJC_MSGSEND = YES;
				GCC_C_LANGUAGE_STANDARD = gnu11;
				GCC_NO_COMMON_BLOCKS = YES;
				GCC_WARN_64_TO_32_BIT_CONVERSION = YES;
				GCC_WARN_ABOUT_RETURN_TYPE = YES_ERROR;
				GCC_WARN_UNDECLARED_SELECTOR = YES;
				GCC_WARN_UNINITIALIZED_AUTOS = YES_AGGRESSIVE;
				GCC_WARN_UNUSED_FUNCTION = YES;
				GCC_WARN_UNUSED_VARIABLE = YES;
				IPHONEOS_DEPLOYMENT_TARGET = 14.4;
				MTL_ENABLE_DEBUG_INFO = NO;
				MTL_FAST_MATH = YES;
				SDKROOT = iphoneos;
				SWIFT_COMPILATION_MODE = wholemodule;
				SWIFT_OPTIMIZATION_LEVEL = "-O";
				VALIDATE_PRODUCT = YES;
			};
			name = Release;
		};
		432AE791260005BA0074511B /* Debug */ = {
			isa = XCBuildConfiguration;
			buildSettings = {
				ALWAYS_EMBED_SWIFT_STANDARD_LIBRARIES = YES;
				ASSETCATALOG_COMPILER_APPICON_NAME = AppIcon;
				ASSETCATALOG_COMPILER_GLOBAL_ACCENT_COLOR_NAME = AccentColor;
				CODE_SIGN_STYLE = Automatic;
				DEVELOPMENT_ASSET_PATHS = "\"ProyectoLab/Preview Content\"";
				DEVELOPMENT_TEAM = 7CRAH96U8M;
				ENABLE_PREVIEWS = YES;
				INFOPLIST_FILE = ProyectoLab/Info.plist;
				IPHONEOS_DEPLOYMENT_TARGET = 14.0;
				LD_RUNPATH_SEARCH_PATHS = (
					"$(inherited)",
					"@executable_path/Frameworks",
				);
				PRODUCT_BUNDLE_IDENTIFIER = A00822344.ProyectoLab;
				PRODUCT_NAME = "$(TARGET_NAME)";
				SWIFT_VERSION = 5.0;
				TARGETED_DEVICE_FAMILY = "1,2";
			};
			name = Debug;
		};
		432AE792260005BA0074511B /* Release */ = {
			isa = XCBuildConfiguration;
			buildSettings = {
				ALWAYS_EMBED_SWIFT_STANDARD_LIBRARIES = YES;
				ASSETCATALOG_COMPILER_APPICON_NAME = AppIcon;
				ASSETCATALOG_COMPILER_GLOBAL_ACCENT_COLOR_NAME = AccentColor;
				CODE_SIGN_STYLE = Automatic;
				DEVELOPMENT_ASSET_PATHS = "\"ProyectoLab/Preview Content\"";
				DEVELOPMENT_TEAM = 7CRAH96U8M;
				ENABLE_PREVIEWS = YES;
				INFOPLIST_FILE = ProyectoLab/Info.plist;
				IPHONEOS_DEPLOYMENT_TARGET = 14.0;
				LD_RUNPATH_SEARCH_PATHS = (
					"$(inherited)",
					"@executable_path/Frameworks",
				);
				PRODUCT_BUNDLE_IDENTIFIER = A00822344.ProyectoLab;
				PRODUCT_NAME = "$(TARGET_NAME)";
				SWIFT_VERSION = 5.0;
				TARGETED_DEVICE_FAMILY = "1,2";
			};
			name = Release;
		};
		43E21FFE267592AC00072CCD /* Debug */ = {
			isa = XCBuildConfiguration;
			buildSettings = {
				ASSETCATALOG_COMPILER_GLOBAL_ACCENT_COLOR_NAME = AccentColor;
				ASSETCATALOG_COMPILER_WIDGET_BACKGROUND_COLOR_NAME = WidgetBackground;
				CODE_SIGN_STYLE = Automatic;
				DEVELOPMENT_TEAM = 7CRAH96U8M;
				INFOPLIST_FILE = RestWidget/Info.plist;
				IPHONEOS_DEPLOYMENT_TARGET = 14.5;
				LD_RUNPATH_SEARCH_PATHS = (
					"$(inherited)",
					"@executable_path/Frameworks",
					"@executable_path/../../Frameworks",
				);
				PRODUCT_BUNDLE_IDENTIFIER = A00822344.ProyectoLab.RestWidget;
				PRODUCT_NAME = "$(TARGET_NAME)";
				SKIP_INSTALL = YES;
				SWIFT_VERSION = 5.0;
				TARGETED_DEVICE_FAMILY = "1,2";
			};
			name = Debug;
		};
		43E21FFF267592AC00072CCD /* Release */ = {
			isa = XCBuildConfiguration;
			buildSettings = {
				ASSETCATALOG_COMPILER_GLOBAL_ACCENT_COLOR_NAME = AccentColor;
				ASSETCATALOG_COMPILER_WIDGET_BACKGROUND_COLOR_NAME = WidgetBackground;
				CODE_SIGN_STYLE = Automatic;
				DEVELOPMENT_TEAM = 7CRAH96U8M;
				INFOPLIST_FILE = RestWidget/Info.plist;
				IPHONEOS_DEPLOYMENT_TARGET = 14.5;
				LD_RUNPATH_SEARCH_PATHS = (
					"$(inherited)",
					"@executable_path/Frameworks",
					"@executable_path/../../Frameworks",
				);
				PRODUCT_BUNDLE_IDENTIFIER = A00822344.ProyectoLab.RestWidget;
				PRODUCT_NAME = "$(TARGET_NAME)";
				SKIP_INSTALL = YES;
				SWIFT_VERSION = 5.0;
				TARGETED_DEVICE_FAMILY = "1,2";
			};
			name = Release;
		};
/* End XCBuildConfiguration section */

/* Begin XCConfigurationList section */
		432AE77C260005B80074511B /* Build configuration list for PBXProject "ProyectoLab" */ = {
			isa = XCConfigurationList;
			buildConfigurations = (
				432AE78E260005BA0074511B /* Debug */,
				432AE78F260005BA0074511B /* Release */,
			);
			defaultConfigurationIsVisible = 0;
			defaultConfigurationName = Release;
		};
		432AE790260005BA0074511B /* Build configuration list for PBXNativeTarget "ProyectoLab" */ = {
			isa = XCConfigurationList;
			buildConfigurations = (
				432AE791260005BA0074511B /* Debug */,
				432AE792260005BA0074511B /* Release */,
			);
			defaultConfigurationIsVisible = 0;
			defaultConfigurationName = Release;
		};
		43E22000267592AC00072CCD /* Build configuration list for PBXNativeTarget "RestWidgetExtension" */ = {
			isa = XCConfigurationList;
			buildConfigurations = (
				43E21FFE267592AC00072CCD /* Debug */,
				43E21FFF267592AC00072CCD /* Release */,
			);
			defaultConfigurationIsVisible = 0;
			defaultConfigurationName = Release;
		};
/* End XCConfigurationList section */

/* Begin XCVersionGroup section */
		431B05822648C4E6009AF7D7 /* ResenasModel.xcdatamodeld */ = {
			isa = XCVersionGroup;
			children = (
				431B05832648C4E6009AF7D7 /* ResenasModel.xcdatamodel */,
			);
			currentVersion = 431B05832648C4E6009AF7D7 /* ResenasModel.xcdatamodel */;
			path = ResenasModel.xcdatamodeld;
			sourceTree = "<group>";
			versionGroupType = wrapper.xcdatamodel;
		};
/* End XCVersionGroup section */
	};
	rootObject = 432AE779260005B80074511B /* Project object */;
}
